
Microsoft Visual Studio Solution File, Format Version 12.00
# Visual Studio Version 17
VisualStudioVersion = 17.7.34003.232
MinimumVisualStudioVersion = 10.0.40219.1
Project("{8BC9CEB8-8B4A-11D0-8D11-00A0C91BC942}") = "HW-32.6-UnitTest", "HW-32.6-UnitTest.vcxproj", "{C744C44D-214C-4880-BF9E-9A8065822BEB}"
EndProject
Global
	GlobalSection(SolutionConfigurationPlatforms) = preSolution
		Debug|x64 = Debug|x64
		Debug|x86 = Debug|x86
		Release|x64 = Release|x64
		Release|x86 = Release|x86
	EndGlobalSection
	GlobalSection(ProjectConfigurationPlatforms) = postSolution
		{C744C44D-214C-4880-BF9E-9A8065822BEB}.Debug|x64.ActiveCfg = Debug|x64
		{C744C44D-214C-4880-BF9E-9A8065822BEB}.Debug|x64.Build.0 = Debug|x64
		{C744C44D-214C-4880-BF9E-9A8065822BEB}.Debug|x86.ActiveCfg = Debug|Win32
		{C744C44D-214C-4880-BF9E-9A8065822BEB}.Debug|x86.Build.0 = Debug|Win32
		{C744C44D-214C-4880-BF9E-9A8065822BEB}.Release|x64.ActiveCfg = Release|x64
		{C744C44D-214C-4880-BF9E-9A8065822BEB}.Release|x64.Build.0 = Release|x64
		{C744C44D-214C-4880-BF9E-9A8065822BEB}.Release|x86.ActiveCfg = Release|Win32
		{C744C44D-214C-4880-BF9E-9A8065822BEB}.Release|x86.Build.0 = Release|Win32
	EndGlobalSection
	GlobalSection(SolutionProperties) = preSolution
		HideSolutionNode = FALSE
	EndGlobalSection
	GlobalSection(ExtensibilityGlobals) = postSolution
		SolutionGuid = {BE89A159-F942-43F0-909A-AB1FFC71F0B3}
	EndGlobalSection
EndGlobal
